
Microsoft Visual Studio Solution File, Format Version 12.00
# Visual Studio Version 17
VisualStudioVersion = 17.14.36109.1 d17.14
MinimumVisualStudioVersion = 10.0.40219.1
Project("{FAE04EC0-301F-11D3-BF4B-00C04F79EFBC}") = "AnalyzeLogs", "AnalyzeLogs.csproj", "{DFE42836-E436-9D50-6A98-0EAA9DD5D298}"
EndProject
Global
	GlobalSection(SolutionConfigurationPlatforms) = preSolution
		Debug|Any CPU = Debug|Any CPU
		Release|Any CPU = Release|Any CPU
	EndGlobalSection
	GlobalSection(ProjectConfigurationPlatforms) = postSolution
		{DFE42836-E436-9D50-6A98-0EAA9DD5D298}.Debug|Any CPU.ActiveCfg = Debug|Any CPU
		{DFE42836-E436-9D50-6A98-0EAA9DD5D298}.Debug|Any CPU.Build.0 = Debug|Any CPU
		{DFE42836-E436-9D50-6A98-0EAA9DD5D298}.Release|Any CPU.ActiveCfg = Release|Any CPU
		{DFE42836-E436-9D50-6A98-0EAA9DD5D298}.Release|Any CPU.Build.0 = Release|Any CPU
	EndGlobalSection
	GlobalSection(SolutionProperties) = preSolution
		HideSolutionNode = FALSE
	EndGlobalSection
	GlobalSection(ExtensibilityGlobals) = postSolution
		SolutionGuid = {674C0FC6-E4FD-4576-9825-499F54DF715B}
	EndGlobalSection
EndGlobal
